// !$*UTF8*$!
{
	archiveVersion = 1;
	classes = {
	};
	objectVersion = 56;
	objects = {

/* Begin PBXBuildFile section */
		5081208140DE6F6D5E685F60 /* Pods_AppYo.framework in Frameworks */ = {isa = PBXBuildFile; fileRef = 4C9E8610FD3D7BC987C63E25 /* Pods_AppYo.framework */; };
		E033D0C22B440B610063C922 /* ObjItemClother.swift in Sources */ = {isa = PBXBuildFile; fileRef = E033D0C02B440B610063C922 /* ObjItemClother.swift */; };
		E033D0C32B440B610063C922 /* Utility.swift in Sources */ = {isa = PBXBuildFile; fileRef = E033D0C12B440B610063C922 /* Utility.swift */; };
		E033D0CB2B440B700063C922 /* ItemCircleCollectionViewCell.xib in Resources */ = {isa = PBXBuildFile; fileRef = E033D0C52B440B700063C922 /* ItemCircleCollectionViewCell.xib */; };
		E033D0CC2B440B700063C922 /* CellHomePreviewTableViewCell.xib in Resources */ = {isa = PBXBuildFile; fileRef = E033D0C62B440B700063C922 /* CellHomePreviewTableViewCell.xib */; };
		E033D0CD2B440B700063C922 /* ItemClotherCollectionViewCell.swift in Sources */ = {isa = PBXBuildFile; fileRef = E033D0C72B440B700063C922 /* ItemClotherCollectionViewCell.swift */; };
		E033D0CE2B440B700063C922 /* CellHomePreviewTableViewCell.swift in Sources */ = {isa = PBXBuildFile; fileRef = E033D0C82B440B700063C922 /* CellHomePreviewTableViewCell.swift */; };
		E033D0CF2B440B700063C922 /* ItemCircleCollectionViewCell.swift in Sources */ = {isa = PBXBuildFile; fileRef = E033D0C92B440B700063C922 /* ItemCircleCollectionViewCell.swift */; };
		E033D0D02B440B700063C922 /* ItemClotherCollectionViewCell.xib in Resources */ = {isa = PBXBuildFile; fileRef = E033D0CA2B440B700063C922 /* ItemClotherCollectionViewCell.xib */; };
		E033D0D42B440B880063C922 /* motItemClother.json in Resources */ = {isa = PBXBuildFile; fileRef = E033D0D22B440B880063C922 /* motItemClother.json */; };
		E033D0D52B440B880063C922 /* motBoST.json in Resources */ = {isa = PBXBuildFile; fileRef = E033D0D32B440B880063C922 /* motBoST.json */; };
		E033D0D92B440B910063C922 /* HomeVC.xib in Resources */ = {isa = PBXBuildFile; fileRef = E033D0D72B440B910063C922 /* HomeVC.xib */; };
		E033D0DA2B440B910063C922 /* HomeVC.swift in Sources */ = {isa = PBXBuildFile; fileRef = E033D0D82B440B910063C922 /* HomeVC.swift */; };
		E033D0DC2B45767F0063C922 /* General.swift in Sources */ = {isa = PBXBuildFile; fileRef = E033D0DB2B45767F0063C922 /* General.swift */; };
		E033D0DF2B4669800063C922 /* CommonExtension.swift in Sources */ = {isa = PBXBuildFile; fileRef = E033D0DE2B4669800063C922 /* CommonExtension.swift */; };
		E033D0E22B466C380063C922 /* DetailProductVC.swift in Sources */ = {isa = PBXBuildFile; fileRef = E033D0E02B466C380063C922 /* DetailProductVC.swift */; };
		E033D0E32B466C380063C922 /* DetailProductVC.xib in Resources */ = {isa = PBXBuildFile; fileRef = E033D0E12B466C380063C922 /* DetailProductVC.xib */; };
		E033D0E72B4671320063C922 /* CellDetailProductTableViewCell.swift in Sources */ = {isa = PBXBuildFile; fileRef = E033D0E52B4671320063C922 /* CellDetailProductTableViewCell.swift */; };
		E033D0E82B4671320063C922 /* CellDetailProductTableViewCell.xib in Resources */ = {isa = PBXBuildFile; fileRef = E033D0E62B4671320063C922 /* CellDetailProductTableViewCell.xib */; };
		E033D0EB2B480AA70063C922 /* CellSizeDetailProductTableViewCell.swift in Sources */ = {isa = PBXBuildFile; fileRef = E033D0E92B480AA70063C922 /* CellSizeDetailProductTableViewCell.swift */; };
		E033D0EC2B480AA70063C922 /* CellSizeDetailProductTableViewCell.xib in Resources */ = {isa = PBXBuildFile; fileRef = E033D0EA2B480AA70063C922 /* CellSizeDetailProductTableViewCell.xib */; };
		E0AB77DD2B3940B70002977C /* AppDelegate.swift in Sources */ = {isa = PBXBuildFile; fileRef = E0AB77DC2B3940B70002977C /* AppDelegate.swift */; };
		E0AB77DF2B3940B70002977C /* SceneDelegate.swift in Sources */ = {isa = PBXBuildFile; fileRef = E0AB77DE2B3940B70002977C /* SceneDelegate.swift */; };
		E0AB77E62B3940B70002977C /* Assets.xcassets in Resources */ = {isa = PBXBuildFile; fileRef = E0AB77E52B3940B70002977C /* Assets.xcassets */; };
		E0AB77E92B3940B70002977C /* LaunchScreen.storyboard in Resources */ = {isa = PBXBuildFile; fileRef = E0AB77E72B3940B70002977C /* LaunchScreen.storyboard */; };
/* End PBXBuildFile section */

/* Begin PBXFileReference section */
		4C9E8610FD3D7BC987C63E25 /* Pods_AppYo.framework */ = {isa = PBXFileReference; explicitFileType = wrapper.framework; includeInIndex = 0; path = Pods_AppYo.framework; sourceTree = BUILT_PRODUCTS_DIR; };
		9E7F290005902693BDADCA90 /* Pods-AppYo.release.xcconfig */ = {isa = PBXFileReference; includeInIndex = 1; lastKnownFileType = text.xcconfig; name = "Pods-AppYo.release.xcconfig"; path = "Target Support Files/Pods-AppYo/Pods-AppYo.release.xcconfig"; sourceTree = "<group>"; };
		BD625E3F03E8693DF63FFEFB /* Pods-AppYo.debug.xcconfig */ = {isa = PBXFileReference; includeInIndex = 1; lastKnownFileType = text.xcconfig; name = "Pods-AppYo.debug.xcconfig"; path = "Target Support Files/Pods-AppYo/Pods-AppYo.debug.xcconfig"; sourceTree = "<group>"; };
		E033D0C02B440B610063C922 /* ObjItemClother.swift */ = {isa = PBXFileReference; fileEncoding = 4; lastKnownFileType = sourcecode.swift; path = ObjItemClother.swift; sourceTree = "<group>"; };
		E033D0C12B440B610063C922 /* Utility.swift */ = {isa = PBXFileReference; fileEncoding = 4; lastKnownFileType = sourcecode.swift; path = Utility.swift; sourceTree = "<group>"; };
		E033D0C52B440B700063C922 /* ItemCircleCollectionViewCell.xib */ = {isa = PBXFileReference; fileEncoding = 4; lastKnownFileType = file.xib; path = ItemCircleCollectionViewCell.xib; sourceTree = "<group>"; };
		E033D0C62B440B700063C922 /* CellHomePreviewTableViewCell.xib */ = {isa = PBXFileReference; fileEncoding = 4; lastKnownFileType = file.xib; path = CellHomePreviewTableViewCell.xib; sourceTree = "<group>"; };
		E033D0C72B440B700063C922 /* ItemClotherCollectionViewCell.swift */ = {isa = PBXFileReference; fileEncoding = 4; lastKnownFileType = sourcecode.swift; path = ItemClotherCollectionViewCell.swift; sourceTree = "<group>"; };
		E033D0C82B440B700063C922 /* CellHomePreviewTableViewCell.swift */ = {isa = PBXFileReference; fileEncoding = 4; lastKnownFileType = sourcecode.swift; path = CellHomePreviewTableViewCell.swift; sourceTree = "<group>"; };
		E033D0C92B440B700063C922 /* ItemCircleCollectionViewCell.swift */ = {isa = PBXFileReference; fileEncoding = 4; lastKnownFileType = sourcecode.swift; path = ItemCircleCollectionViewCell.swift; sourceTree = "<group>"; };
		E033D0CA2B440B700063C922 /* ItemClotherCollectionViewCell.xib */ = {isa = PBXFileReference; fileEncoding = 4; lastKnownFileType = file.xib; path = ItemClotherCollectionViewCell.xib; sourceTree = "<group>"; };
		E033D0D22B440B880063C922 /* motItemClother.json */ = {isa = PBXFileReference; fileEncoding = 4; lastKnownFileType = text.json; path = motItemClother.json; sourceTree = "<group>"; };
		E033D0D32B440B880063C922 /* motBoST.json */ = {isa = PBXFileReference; fileEncoding = 4; lastKnownFileType = text.json; path = motBoST.json; sourceTree = "<group>"; };
		E033D0D72B440B910063C922 /* HomeVC.xib */ = {isa = PBXFileReference; fileEncoding = 4; lastKnownFileType = file.xib; path = HomeVC.xib; sourceTree = "<group>"; };
		E033D0D82B440B910063C922 /* HomeVC.swift */ = {isa = PBXFileReference; fileEncoding = 4; lastKnownFileType = sourcecode.swift; path = HomeVC.swift; sourceTree = "<group>"; };
		E033D0DB2B45767F0063C922 /* General.swift */ = {isa = PBXFileReference; lastKnownFileType = sourcecode.swift; path = General.swift; sourceTree = "<group>"; };
		E033D0DE2B4669800063C922 /* CommonExtension.swift */ = {isa = PBXFileReference; lastKnownFileType = sourcecode.swift; path = CommonExtension.swift; sourceTree = "<group>"; };
		E033D0E02B466C380063C922 /* DetailProductVC.swift */ = {isa = PBXFileReference; lastKnownFileType = sourcecode.swift; path = DetailProductVC.swift; sourceTree = "<group>"; };
		E033D0E12B466C380063C922 /* DetailProductVC.xib */ = {isa = PBXFileReference; lastKnownFileType = file.xib; path = DetailProductVC.xib; sourceTree = "<group>"; };
		E033D0E52B4671320063C922 /* CellDetailProductTableViewCell.swift */ = {isa = PBXFileReference; lastKnownFileType = sourcecode.swift; path = CellDetailProductTableViewCell.swift; sourceTree = "<group>"; };
		E033D0E62B4671320063C922 /* CellDetailProductTableViewCell.xib */ = {isa = PBXFileReference; lastKnownFileType = file.xib; path = CellDetailProductTableViewCell.xib; sourceTree = "<group>"; };
		E033D0E92B480AA70063C922 /* CellSizeDetailProductTableViewCell.swift */ = {isa = PBXFileReference; lastKnownFileType = sourcecode.swift; path = CellSizeDetailProductTableViewCell.swift; sourceTree = "<group>"; };
		E033D0EA2B480AA70063C922 /* CellSizeDetailProductTableViewCell.xib */ = {isa = PBXFileReference; lastKnownFileType = file.xib; path = CellSizeDetailProductTableViewCell.xib; sourceTree = "<group>"; };
		E0AB77D92B3940B70002977C /* AppYo.app */ = {isa = PBXFileReference; explicitFileType = wrapper.application; includeInIndex = 0; path = AppYo.app; sourceTree = BUILT_PRODUCTS_DIR; };
		E0AB77DC2B3940B70002977C /* AppDelegate.swift */ = {isa = PBXFileReference; lastKnownFileType = sourcecode.swift; path = AppDelegate.swift; sourceTree = "<group>"; };
		E0AB77DE2B3940B70002977C /* SceneDelegate.swift */ = {isa = PBXFileReference; lastKnownFileType = sourcecode.swift; path = SceneDelegate.swift; sourceTree = "<group>"; };
		E0AB77E52B3940B70002977C /* Assets.xcassets */ = {isa = PBXFileReference; lastKnownFileType = folder.assetcatalog; path = Assets.xcassets; sourceTree = "<group>"; };
		E0AB77E82B3940B70002977C /* Base */ = {isa = PBXFileReference; lastKnownFileType = file.storyboard; name = Base; path = Base.lproj/LaunchScreen.storyboard; sourceTree = "<group>"; };
		E0AB77EA2B3940B70002977C /* Info.plist */ = {isa = PBXFileReference; lastKnownFileType = text.plist.xml; path = Info.plist; sourceTree = "<group>"; };
/* End PBXFileReference section */

/* Begin PBXFrameworksBuildPhase section */
		E0AB77D62B3940B70002977C /* Frameworks */ = {
			isa = PBXFrameworksBuildPhase;
			buildActionMask = 2147483647;
			files = (
				5081208140DE6F6D5E685F60 /* Pods_AppYo.framework in Frameworks */,
			);
			runOnlyForDeploymentPostprocessing = 0;
		};
/* End PBXFrameworksBuildPhase section */

/* Begin PBXGroup section */
		837960C7FCAB1A5B55A2631B /* Pods */ = {
			isa = PBXGroup;
			children = (
				BD625E3F03E8693DF63FFEFB /* Pods-AppYo.debug.xcconfig */,
				9E7F290005902693BDADCA90 /* Pods-AppYo.release.xcconfig */,
			);
			path = Pods;
			sourceTree = "<group>";
		};
		BF21687E6E01D062BD3515EF /* Frameworks */ = {
			isa = PBXGroup;
			children = (
				4C9E8610FD3D7BC987C63E25 /* Pods_AppYo.framework */,
			);
			name = Frameworks;
			sourceTree = "<group>";
		};
		E033D0B62B43F6FC0063C922 /* Delegate */ = {
			isa = PBXGroup;
			children = (
				E0AB77DC2B3940B70002977C /* AppDelegate.swift */,
				E0AB77DE2B3940B70002977C /* SceneDelegate.swift */,
			);
			path = Delegate;
			sourceTree = "<group>";
		};
		E033D0BF2B440B610063C922 /* Model */ = {
			isa = PBXGroup;
			children = (
				E033D0C02B440B610063C922 /* ObjItemClother.swift */,
				E033D0C12B440B610063C922 /* Utility.swift */,
				E033D0DB2B45767F0063C922 /* General.swift */,
			);
			path = Model;
			sourceTree = "<group>";
		};
		E033D0C42B440B700063C922 /* Cell */ = {
			isa = PBXGroup;
			children = (
				E033D0E42B466CF90063C922 /* cell_detail_product */,
				E033D0C52B440B700063C922 /* ItemCircleCollectionViewCell.xib */,
				E033D0C62B440B700063C922 /* CellHomePreviewTableViewCell.xib */,
				E033D0C72B440B700063C922 /* ItemClotherCollectionViewCell.swift */,
				E033D0C82B440B700063C922 /* CellHomePreviewTableViewCell.swift */,
				E033D0C92B440B700063C922 /* ItemCircleCollectionViewCell.swift */,
				E033D0CA2B440B700063C922 /* ItemClotherCollectionViewCell.xib */,
			);
			path = Cell;
			sourceTree = "<group>";
		};
		E033D0D12B440B880063C922 /* Resource */ = {
			isa = PBXGroup;
			children = (
				E033D0D22B440B880063C922 /* motItemClother.json */,
				E033D0D32B440B880063C922 /* motBoST.json */,
			);
			path = Resource;
			sourceTree = "<group>";
		};
		E033D0D62B440B910063C922 /* VC */ = {
			isa = PBXGroup;
			children = (
				E033D0D72B440B910063C922 /* HomeVC.xib */,
				E033D0D82B440B910063C922 /* HomeVC.swift */,
				E033D0E02B466C380063C922 /* DetailProductVC.swift */,
				E033D0E12B466C380063C922 /* DetailProductVC.xib */,
			);
			path = VC;
			sourceTree = "<group>";
		};
		E033D0DD2B46696F0063C922 /* Extension */ = {
			isa = PBXGroup;
			children = (
				E033D0DE2B4669800063C922 /* CommonExtension.swift */,
			);
			path = Extension;
			sourceTree = "<group>";
		};
		E033D0E42B466CF90063C922 /* cell_detail_product */ = {
			isa = PBXGroup;
			children = (
				E033D0E52B4671320063C922 /* CellDetailProductTableViewCell.swift */,
				E033D0E62B4671320063C922 /* CellDetailProductTableViewCell.xib */,
				E033D0E92B480AA70063C922 /* CellSizeDetailProductTableViewCell.swift */,
				E033D0EA2B480AA70063C922 /* CellSizeDetailProductTableViewCell.xib */,
			);
			path = cell_detail_product;
			sourceTree = "<group>";
		};
		E0AB77D02B3940B70002977C = {
			isa = PBXGroup;
			children = (
				E0AB77DB2B3940B70002977C /* AppYo */,
				E0AB77DA2B3940B70002977C /* Products */,
				837960C7FCAB1A5B55A2631B /* Pods */,
				BF21687E6E01D062BD3515EF /* Frameworks */,
			);
			sourceTree = "<group>";
		};
		E0AB77DA2B3940B70002977C /* Products */ = {
			isa = PBXGroup;
			children = (
				E0AB77D92B3940B70002977C /* AppYo.app */,
			);
			name = Products;
			sourceTree = "<group>";
		};
		E0AB77DB2B3940B70002977C /* AppYo */ = {
			isa = PBXGroup;
			children = (
				E033D0DD2B46696F0063C922 /* Extension */,
				E033D0D62B440B910063C922 /* VC */,
				E033D0D12B440B880063C922 /* Resource */,
				E033D0C42B440B700063C922 /* Cell */,
				E033D0BF2B440B610063C922 /* Model */,
				E033D0B62B43F6FC0063C922 /* Delegate */,
				E0AB77E52B3940B70002977C /* Assets.xcassets */,
				E0AB77E72B3940B70002977C /* LaunchScreen.storyboard */,
				E0AB77EA2B3940B70002977C /* Info.plist */,
			);
			path = AppYo;
			sourceTree = "<group>";
		};
/* End PBXGroup section */

/* Begin PBXNativeTarget section */
		E0AB77D82B3940B70002977C /* AppYo */ = {
			isa = PBXNativeTarget;
			buildConfigurationList = E0AB77ED2B3940B70002977C /* Build configuration list for PBXNativeTarget "AppYo" */;
			buildPhases = (
				4CC4F94995236C3A801FF5FE /* [CP] Check Pods Manifest.lock */,
				E0AB77D52B3940B70002977C /* Sources */,
				E0AB77D62B3940B70002977C /* Frameworks */,
				E0AB77D72B3940B70002977C /* Resources */,
				772B2A8806DC6C56651DD5A3 /* [CP] Embed Pods Frameworks */,
			);
			buildRules = (
			);
			dependencies = (
			);
			name = AppYo;
			productName = AppYo;
			productReference = E0AB77D92B3940B70002977C /* AppYo.app */;
			productType = "com.apple.product-type.application";
		};
/* End PBXNativeTarget section */

/* Begin PBXProject section */
		E0AB77D12B3940B70002977C /* Project object */ = {
			isa = PBXProject;
			attributes = {
				BuildIndependentTargetsInParallel = 1;
				LastSwiftUpdateCheck = 1430;
				LastUpgradeCheck = 1430;
				TargetAttributes = {
					E0AB77D82B3940B70002977C = {
						CreatedOnToolsVersion = 14.3.1;
					};
				};
			};
			buildConfigurationList = E0AB77D42B3940B70002977C /* Build configuration list for PBXProject "AppYo" */;
			compatibilityVersion = "Xcode 14.0";
			developmentRegion = en;
			hasScannedForEncodings = 0;
			knownRegions = (
				en,
				Base,
			);
			mainGroup = E0AB77D02B3940B70002977C;
			productRefGroup = E0AB77DA2B3940B70002977C /* Products */;
			projectDirPath = "";
			projectRoot = "";
			targets = (
				E0AB77D82B3940B70002977C /* AppYo */,
			);
		};
/* End PBXProject section */

/* Begin PBXResourcesBuildPhase section */
		E0AB77D72B3940B70002977C /* Resources */ = {
			isa = PBXResourcesBuildPhase;
			buildActionMask = 2147483647;
			files = (
				E033D0E32B466C380063C922 /* DetailProductVC.xib in Resources */,
				E0AB77E92B3940B70002977C /* LaunchScreen.storyboard in Resources */,
				E0AB77E62B3940B70002977C /* Assets.xcassets in Resources */,
				E033D0D52B440B880063C922 /* motBoST.json in Resources */,
				E033D0EC2B480AA70063C922 /* CellSizeDetailProductTableViewCell.xib in Resources */,
				E033D0CC2B440B700063C922 /* CellHomePreviewTableViewCell.xib in Resources */,
				E033D0D42B440B880063C922 /* motItemClother.json in Resources */,
				E033D0E82B4671320063C922 /* CellDetailProductTableViewCell.xib in Resources */,
				E033D0D92B440B910063C922 /* HomeVC.xib in Resources */,
				E033D0D02B440B700063C922 /* ItemClotherCollectionViewCell.xib in Resources */,
				E033D0CB2B440B700063C922 /* ItemCircleCollectionViewCell.xib in Resources */,
			);
			runOnlyForDeploymentPostprocessing = 0;
		};
/* End PBXResourcesBuildPhase section */

/* Begin PBXShellScriptBuildPhase section */
		4CC4F94995236C3A801FF5FE /* [CP] Check Pods Manifest.lock */ = {
			isa = PBXShellScriptBuildPhase;
			buildActionMask = 2147483647;
			files = (
			);
			inputFileListPaths = (
			);
			inputPaths = (
				"${PODS_PODFILE_DIR_PATH}/Podfile.lock",
				"${PODS_ROOT}/Manifest.lock",
			);
			name = "[CP] Check Pods Manifest.lock";
			outputFileListPaths = (
			);
			outputPaths = (
				"$(DERIVED_FILE_DIR)/Pods-AppYo-checkManifestLockResult.txt",
			);
			runOnlyForDeploymentPostprocessing = 0;
			shellPath = /bin/sh;
			shellScript = "diff \"${PODS_PODFILE_DIR_PATH}/Podfile.lock\" \"${PODS_ROOT}/Manifest.lock\" > /dev/null\nif [ $? != 0 ] ; then\n    # print error to STDERR\n    echo \"error: The sandbox is not in sync with the Podfile.lock. Run 'pod install' or update your CocoaPods installation.\" >&2\n    exit 1\nfi\n# This output is used by Xcode 'outputs' to avoid re-running this script phase.\necho \"SUCCESS\" > \"${SCRIPT_OUTPUT_FILE_0}\"\n";
			showEnvVarsInLog = 0;
		};
		772B2A8806DC6C56651DD5A3 /* [CP] Embed Pods Frameworks */ = {
			isa = PBXShellScriptBuildPhase;
			buildActionMask = 2147483647;
			files = (
			);
			inputFileListPaths = (
				"${PODS_ROOT}/Target Support Files/Pods-AppYo/Pods-AppYo-frameworks-${CONFIGURATION}-input-files.xcfilelist",
			);
			name = "[CP] Embed Pods Frameworks";
			outputFileListPaths = (
				"${PODS_ROOT}/Target Support Files/Pods-AppYo/Pods-AppYo-frameworks-${CONFIGURATION}-output-files.xcfilelist",
			);
			runOnlyForDeploymentPostprocessing = 0;
			shellPath = /bin/sh;
			shellScript = "\"${PODS_ROOT}/Target Support Files/Pods-AppYo/Pods-AppYo-frameworks.sh\"\n";
			showEnvVarsInLog = 0;
		};
/* End PBXShellScriptBuildPhase section */

/* Begin PBXSourcesBuildPhase section */
		E0AB77D52B3940B70002977C /* Sources */ = {
			isa = PBXSourcesBuildPhase;
			buildActionMask = 2147483647;
			files = (
				E033D0DF2B4669800063C922 /* CommonExtension.swift in Sources */,
				E033D0C32B440B610063C922 /* Utility.swift in Sources */,
				E033D0EB2B480AA70063C922 /* CellSizeDetailProductTableViewCell.swift in Sources */,
				E033D0DA2B440B910063C922 /* HomeVC.swift in Sources */,
				E033D0C22B440B610063C922 /* ObjItemClother.swift in Sources */,
				E033D0DC2B45767F0063C922 /* General.swift in Sources */,
				E033D0CF2B440B700063C922 /* ItemCircleCollectionViewCell.swift in Sources */,
				E033D0E22B466C380063C922 /* DetailProductVC.swift in Sources */,
				E0AB77DD2B3940B70002977C /* AppDelegate.swift in Sources */,
				E033D0CE2B440B700063C922 /* CellHomePreviewTableViewCell.swift in Sources */,
				E033D0CD2B440B700063C922 /* ItemClotherCollectionViewCell.swift in Sources */,
				E033D0E72B4671320063C922 /* CellDetailProductTableViewCell.swift in Sources */,
				E0AB77DF2B3940B70002977C /* SceneDelegate.swift in Sources */,
			);
			runOnlyForDeploymentPostprocessing = 0;
		};
/* End PBXSourcesBuildPhase section */

/* Begin PBXVariantGroup section */
		E0AB77E72B3940B70002977C /* LaunchScreen.storyboard */ = {
			isa = PBXVariantGroup;
			children = (
				E0AB77E82B3940B70002977C /* Base */,
			);
			name = LaunchScreen.storyboard;
			sourceTree = "<group>";
		};
/* End PBXVariantGroup section */

/* Begin XCBuildConfiguration section */
		E0AB77EB2B3940B70002977C /* Debug */ = {
			isa = XCBuildConfiguration;
			buildSettings = {
				ALWAYS_SEARCH_USER_PATHS = NO;
				CLANG_ANALYZER_NONNULL = YES;
				CLANG_ANALYZER_NUMBER_OBJECT_CONVERSION = YES_AGGRESSIVE;
				CLANG_CXX_LANGUAGE_STANDARD = "gnu++20";
				CLANG_ENABLE_MODULES = YES;
				CLANG_ENABLE_OBJC_ARC = YES;
				CLANG_ENABLE_OBJC_WEAK = YES;
				CLANG_WARN_BLOCK_CAPTURE_AUTORELEASING = YES;
				CLANG_WARN_BOOL_CONVERSION = YES;
				CLANG_WARN_COMMA = YES;
				CLANG_WARN_CONSTANT_CONVERSION = YES;
				CLANG_WARN_DEPRECATED_OBJC_IMPLEMENTATIONS = YES;
				CLANG_WARN_DIRECT_OBJC_ISA_USAGE = YES_ERROR;
				CLANG_WARN_DOCUMENTATION_COMMENTS = YES;
				CLANG_WARN_EMPTY_BODY = YES;
				CLANG_WARN_ENUM_CONVERSION = YES;
				CLANG_WARN_INFINITE_RECURSION = YES;
				CLANG_WARN_INT_CONVERSION = YES;
				CLANG_WARN_NON_LITERAL_NULL_CONVERSION = YES;
				CLANG_WARN_OBJC_IMPLICIT_RETAIN_SELF = YES;
				CLANG_WARN_OBJC_LITERAL_CONVERSION = YES;
				CLANG_WARN_OBJC_ROOT_CLASS = YES_ERROR;
				CLANG_WARN_QUOTED_INCLUDE_IN_FRAMEWORK_HEADER = YES;
				CLANG_WARN_RANGE_LOOP_ANALYSIS = YES;
				CLANG_WARN_STRICT_PROTOTYPES = YES;
				CLANG_WARN_SUSPICIOUS_MOVE = YES;
				CLANG_WARN_UNGUARDED_AVAILABILITY = YES_AGGRESSIVE;
				CLANG_WARN_UNREACHABLE_CODE = YES;
				CLANG_WARN__DUPLICATE_METHOD_MATCH = YES;
				COPY_PHASE_STRIP = NO;
				DEBUG_INFORMATION_FORMAT = dwarf;
				ENABLE_STRICT_OBJC_MSGSEND = YES;
				ENABLE_TESTABILITY = YES;
				GCC_C_LANGUAGE_STANDARD = gnu11;
				GCC_DYNAMIC_NO_PIC = NO;
				GCC_NO_COMMON_BLOCKS = YES;
				GCC_OPTIMIZATION_LEVEL = 0;
				GCC_PREPROCESSOR_DEFINITIONS = (
					"DEBUG=1",
					"$(inherited)",
				);
				GCC_WARN_64_TO_32_BIT_CONVERSION = YES;
				GCC_WARN_ABOUT_RETURN_TYPE = YES_ERROR;
				GCC_WARN_UNDECLARED_SELECTOR = YES;
				GCC_WARN_UNINITIALIZED_AUTOS = YES_AGGRESSIVE;
				GCC_WARN_UNUSED_FUNCTION = YES;
				GCC_WARN_UNUSED_VARIABLE = YES;
				IPHONEOS_DEPLOYMENT_TARGET = 16.4;
				MTL_ENABLE_DEBUG_INFO = INCLUDE_SOURCE;
				MTL_FAST_MATH = YES;
				ONLY_ACTIVE_ARCH = YES;
				SDKROOT = iphoneos;
				SWIFT_ACTIVE_COMPILATION_CONDITIONS = DEBUG;
				SWIFT_OPTIMIZATION_LEVEL = "-Onone";
			};
			name = Debug;
		};
		E0AB77EC2B3940B70002977C /* Release */ = {
			isa = XCBuildConfiguration;
			buildSettings = {
				ALWAYS_SEARCH_USER_PATHS = NO;
				CLANG_ANALYZER_NONNULL = YES;
				CLANG_ANALYZER_NUMBER_OBJECT_CONVERSION = YES_AGGRESSIVE;
				CLANG_CXX_LANGUAGE_STANDARD = "gnu++20";
				CLANG_ENABLE_MODULES = YES;
				CLANG_ENABLE_OBJC_ARC = YES;
				CLANG_ENABLE_OBJC_WEAK = YES;
				CLANG_WARN_BLOCK_CAPTURE_AUTORELEASING = YES;
				CLANG_WARN_BOOL_CONVERSION = YES;
				CLANG_WARN_COMMA = YES;
				CLANG_WARN_CONSTANT_CONVERSION = YES;
				CLANG_WARN_DEPRECATED_OBJC_IMPLEMENTATIONS = YES;
				CLANG_WARN_DIRECT_OBJC_ISA_USAGE = YES_ERROR;
				CLANG_WARN_DOCUMENTATION_COMMENTS = YES;
				CLANG_WARN_EMPTY_BODY = YES;
				CLANG_WARN_ENUM_CONVERSION = YES;
				CLANG_WARN_INFINITE_RECURSION = YES;
				CLANG_WARN_INT_CONVERSION = YES;
				CLANG_WARN_NON_LITERAL_NULL_CONVERSION = YES;
				CLANG_WARN_OBJC_IMPLICIT_RETAIN_SELF = YES;
				CLANG_WARN_OBJC_LITERAL_CONVERSION = YES;
				CLANG_WARN_OBJC_ROOT_CLASS = YES_ERROR;
				CLANG_WARN_QUOTED_INCLUDE_IN_FRAMEWORK_HEADER = YES;
				CLANG_WARN_RANGE_LOOP_ANALYSIS = YES;
				CLANG_WARN_STRICT_PROTOTYPES = YES;
				CLANG_WARN_SUSPICIOUS_MOVE = YES;
				CLANG_WARN_UNGUARDED_AVAILABILITY = YES_AGGRESSIVE;
				CLANG_WARN_UNREACHABLE_CODE = YES;
				CLANG_WARN__DUPLICATE_METHOD_MATCH = YES;
				COPY_PHASE_STRIP = NO;
				DEBUG_INFORMATION_FORMAT = "dwarf-with-dsym";
				ENABLE_NS_ASSERTIONS = NO;
				ENABLE_STRICT_OBJC_MSGSEND = YES;
				GCC_C_LANGUAGE_STANDARD = gnu11;
				GCC_NO_COMMON_BLOCKS = YES;
				GCC_WARN_64_TO_32_BIT_CONVERSION = YES;
				GCC_WARN_ABOUT_RETURN_TYPE = YES_ERROR;
				GCC_WARN_UNDECLARED_SELECTOR = YES;
				GCC_WARN_UNINITIALIZED_AUTOS = YES_AGGRESSIVE;
				GCC_WARN_UNUSED_FUNCTION = YES;
				GCC_WARN_UNUSED_VARIABLE = YES;
				IPHONEOS_DEPLOYMENT_TARGET = 16.4;
				MTL_ENABLE_DEBUG_INFO = NO;
				MTL_FAST_MATH = YES;
				SDKROOT = iphoneos;
				SWIFT_COMPILATION_MODE = wholemodule;
				SWIFT_OPTIMIZATION_LEVEL = "-O";
				VALIDATE_PRODUCT = YES;
			};
			name = Release;
		};
		E0AB77EE2B3940B70002977C /* Debug */ = {
			isa = XCBuildConfiguration;
			baseConfigurationReference = BD625E3F03E8693DF63FFEFB /* Pods-AppYo.debug.xcconfig */;
			buildSettings = {
				ASSETCATALOG_COMPILER_APPICON_NAME = AppIcon;
				ASSETCATALOG_COMPILER_GLOBAL_ACCENT_COLOR_NAME = AccentColor;
				CODE_SIGN_STYLE = Automatic;
				CURRENT_PROJECT_VERSION = 1;
				DEVELOPMENT_TEAM = 6NCNST39DK;
				GENERATE_INFOPLIST_FILE = YES;
				INFOPLIST_FILE = AppYo/Info.plist;
				INFOPLIST_KEY_UIApplicationSupportsIndirectInputEvents = YES;
				INFOPLIST_KEY_UILaunchStoryboardName = "";
				INFOPLIST_KEY_UISupportedInterfaceOrientations = UIInterfaceOrientationPortrait;
				IPHONEOS_DEPLOYMENT_TARGET = 13.0;
				LD_RUNPATH_SEARCH_PATHS = (
					"$(inherited)",
					"@executable_path/Frameworks",
				);
				MARKETING_VERSION = 1.0;
				PRODUCT_BUNDLE_IDENTIFIER = com.ctk.appDemoYo.AppYo;
				PRODUCT_NAME = "$(TARGET_NAME)";
				SWIFT_EMIT_LOC_STRINGS = YES;
				SWIFT_VERSION = 5.0;
				TARGETED_DEVICE_FAMILY = "1,2";
			};
			name = Debug;
		};
		E0AB77EF2B3940B70002977C /* Release */ = {
			isa = XCBuildConfiguration;
			baseConfigurationReference = 9E7F290005902693BDADCA90 /* Pods-AppYo.release.xcconfig */;
			buildSettings = {
				ASSETCATALOG_COMPILER_APPICON_NAME = AppIcon;
				ASSETCATALOG_COMPILER_GLOBAL_ACCENT_COLOR_NAME = AccentColor;
				CODE_SIGN_STYLE = Automatic;
				CURRENT_PROJECT_VERSION = 1;
				DEVELOPMENT_TEAM = 6NCNST39DK;
				GENERATE_INFOPLIST_FILE = YES;
				INFOPLIST_FILE = AppYo/Info.plist;
				INFOPLIST_KEY_UIApplicationSupportsIndirectInputEvents = YES;
				INFOPLIST_KEY_UILaunchStoryboardName = "";
				INFOPLIST_KEY_UISupportedInterfaceOrientations = UIInterfaceOrientationPortrait;
				IPHONEOS_DEPLOYMENT_TARGET = 13.0;
				LD_RUNPATH_SEARCH_PATHS = (
					"$(inherited)",
					"@executable_path/Frameworks",
				);
				MARKETING_VERSION = 1.0;
				PRODUCT_BUNDLE_IDENTIFIER = com.ctk.appDemoYo.AppYo;
				PRODUCT_NAME = "$(TARGET_NAME)";
				SWIFT_EMIT_LOC_STRINGS = YES;
				SWIFT_VERSION = 5.0;
				TARGETED_DEVICE_FAMILY = "1,2";
			};
			name = Release;
		};
/* End XCBuildConfiguration section */

/* Begin XCConfigurationList section */
		E0AB77D42B3940B70002977C /* Build configuration list for PBXProject "AppYo" */ = {
			isa = XCConfigurationList;
			buildConfigurations = (
				E0AB77EB2B3940B70002977C /* Debug */,
				E0AB77EC2B3940B70002977C /* Release */,
			);
			defaultConfigurationIsVisible = 0;
			defaultConfigurationName = Release;
		};
		E0AB77ED2B3940B70002977C /* Build configuration list for PBXNativeTarget "AppYo" */ = {
			isa = XCConfigurationList;
			buildConfigurations = (
				E0AB77EE2B3940B70002977C /* Debug */,
				E0AB77EF2B3940B70002977C /* Release */,
			);
			defaultConfigurationIsVisible = 0;
			defaultConfigurationName = Release;
		};
/* End XCConfigurationList section */
	};
	rootObject = E0AB77D12B3940B70002977C /* Project object */;
}
